
Microsoft Visual Studio Solution File, Format Version 12.00
# Visual Studio Version 17
VisualStudioVersion = 17.5.33424.131
MinimumVisualStudioVersion = 10.0.40219.1
Project("{9A19103F-16F7-4668-BE54-9A1E7A4F7556}") = "SAKS", "SAKS.csproj", "{57C19952-5C81-4CEA-9A43-561C1A54A9DF}"
EndProject
Global
	GlobalSection(SolutionConfigurationPlatforms) = preSolution
		Debug|Any CPU = Debug|Any CPU
		Release|Any CPU = Release|Any CPU
	EndGlobalSection
	GlobalSection(ProjectConfigurationPlatforms) = postSolution
		{57C19952-5C81-4CEA-9A43-561C1A54A9DF}.Debug|Any CPU.ActiveCfg = Debug|Any CPU
		{57C19952-5C81-4CEA-9A43-561C1A54A9DF}.Debug|Any CPU.Build.0 = Debug|Any CPU
		{57C19952-5C81-4CEA-9A43-561C1A54A9DF}.Release|Any CPU.ActiveCfg = Release|Any CPU
		{57C19952-5C81-4CEA-9A43-561C1A54A9DF}.Release|Any CPU.Build.0 = Release|Any CPU
	EndGlobalSection
	GlobalSection(SolutionProperties) = preSolution
		HideSolutionNode = FALSE
	EndGlobalSection
	GlobalSection(ExtensibilityGlobals) = postSolution
		SolutionGuid = {80F7FE4F-DEC9-4D1B-83F1-2DA273A19EA1}
	EndGlobalSection
EndGlobal
